{
  "nodes": {
    "blog": {
      "inputs": {
        "flake-utils": [
          "nickcao",
          "flake-utils"
        ],
        "nixpkgs": [
          "nickcao",
          "nixpkgs"
        ]
      },
      "locked": {
        "lastModified": 1647098272,
        "narHash": "sha256-ifLkxwT61aMHLcxeu2+FuLZOGT0GSseyJ/4DJQHNdYg=",
        "owner": "NickCao",
        "repo": "blog",
        "rev": "f741c659b50c922038677e57e74289c4d34b65d8",
        "type": "gitlab"
      },
      "original": {
        "owner": "NickCao",
        "repo": "blog",
        "type": "gitlab"
      }
    },
    "canopus": {
      "inputs": {
        "flake-utils": [
          "nickcao",
          "flake-utils"
        ],
        "nixpkgs": [
          "nickcao",
          "nixpkgs"
        ]
      },
      "locked": {
        "lastModified": 1649603933,
        "narHash": "sha256-DazMAGZRot0/TCXpuFK8YxhMPpR1Ry7aGXIX0Poxnzg=",
        "owner": "NickCao",
        "repo": "canopus",
        "rev": "14ec4c3d19ff1e7ce58522ee4f1315492033d898",
        "type": "github"
      },
      "original": {
        "owner": "NickCao",
        "repo": "canopus",
        "type": "github"
      }
    },
    "carinae": {
      "inputs": {
        "flake-utils": [
          "nickcao",
          "flake-utils"
        ],
        "nixpkgs": [
          "nickcao",
          "nixpkgs"
        ]
      },
      "locked": {
        "lastModified": 1648959689,
        "narHash": "sha256-KVOmRZIHEuh4m6IRxNE1Umc0nLzqu5wnU/N2OSEbwwI=",
        "owner": "NickCao",
        "repo": "carinae",
        "rev": "d7b7ad9d850fc0736dbc8d395caeb03ef0a97d50",
        "type": "github"
      },
      "original": {
        "owner": "NickCao",
        "repo": "carinae",
        "type": "github"
      }
    },
    "deploy-rs": {
      "inputs": {
        "flake-compat": [
          "nickcao",
          "flake-compat"
        ],
        "nixpkgs": [
          "nickcao",
          "nixpkgs"
        ],
        "utils": [
          "nickcao",
          "flake-utils"
        ]
      },
      "locked": {
        "lastModified": 1648475189,
        "narHash": "sha256-gAGAS6IagwoUr1B0ohE3iR6sZ8hP4LSqzYLC8Mq3WGU=",
        "owner": "serokell",
        "repo": "deploy-rs",
        "rev": "83e0c78291cd08cb827ba0d553ad9158ae5a95c3",
        "type": "github"
      },
      "original": {
        "owner": "serokell",
        "repo": "deploy-rs",
        "type": "github"
      }
    },
    "dns": {
      "inputs": {
        "flake-utils": [
          "nickcao",
          "flake-utils"
        ],
        "nixpkgs": [
          "nickcao",
          "nixpkgs"
        ]
      },
      "locked": {
        "lastModified": 1635273082,
        "narHash": "sha256-EHiDP2jEa7Ai5ZwIf5uld9RVFcV77+2SUxjQXwJsJa0=",
        "owner": "kirelagin",
        "repo": "dns.nix",
        "rev": "c7b9645da9c0ddce4f9de4ef27ec01bb8108039a",
        "type": "github"
      },
      "original": {
        "owner": "kirelagin",
        "repo": "dns.nix",
        "type": "github"
      }
    },
    "flake-compat": {
      "flake": false,
      "locked": {
        "lastModified": 1648199409,
        "narHash": "sha256-JwPKdC2PoVBkG6E+eWw3j6BMR6sL3COpYWfif7RVb8Y=",
        "owner": "edolstra",
        "repo": "flake-compat",
        "rev": "64a525ee38886ab9028e6f61790de0832aa3ef03",
        "type": "github"
      },
      "original": {
        "owner": "edolstra",
        "repo": "flake-compat",
        "type": "github"
      }
    },
    "flake-utils": {
      "locked": {
        "lastModified": 1649676176,
        "narHash": "sha256-OWKJratjt2RW151VUlJPRALb7OU2S5s+f0vLj4o1bHM=",
        "owner": "numtide",
        "repo": "flake-utils",
        "rev": "a4b154ebbdc88c8498a5c7b01589addc9e9cb678",
        "type": "github"
      },
      "original": {
        "owner": "numtide",
        "repo": "flake-utils",
        "type": "github"
      }
    },
    "flake-utils_2": {
      "locked": {
        "lastModified": 1649676176,
        "narHash": "sha256-OWKJratjt2RW151VUlJPRALb7OU2S5s+f0vLj4o1bHM=",
        "owner": "numtide",
        "repo": "flake-utils",
        "rev": "a4b154ebbdc88c8498a5c7b01589addc9e9cb678",
        "type": "github"
      },
      "original": {
        "owner": "numtide",
        "repo": "flake-utils",
        "type": "github"
      }
    },
    "flake-utils_3": {
      "locked": {
        "lastModified": 1638122382,
        "narHash": "sha256-sQzZzAbvKEqN9s0bzWuYmRaA03v40gaJ4+iL1LXjaeI=",
        "owner": "numtide",
        "repo": "flake-utils",
        "rev": "74f7e4319258e287b0f9cb95426c9853b282730b",
        "type": "github"
      },
      "original": {
        "owner": "numtide",
        "repo": "flake-utils",
        "type": "github"
      }
    },
    "fn": {
      "inputs": {
        "flake-utils": [
          "nickcao",
          "flake-utils"
        ],
        "nixpkgs": [
          "nickcao",
          "nixpkgs"
        ]
      },
      "locked": {
        "lastModified": 1649509325,
        "narHash": "sha256-/56b8L99avtoqNKYtOIoqjfR6wXr4gTIQZmWxNycPnw=",
        "owner": "NickCao",
        "repo": "fn",
        "rev": "6973451f1a0a91dce81a46e6f7eeea0fed6f751c",
        "type": "gitlab"
      },
      "original": {
        "owner": "NickCao",
        "repo": "fn",
        "type": "gitlab"
      }
    },
    "home-manager": {
      "inputs": {
        "nixpkgs": [
          "nixpkgs"
        ]
      },
      "locked": {
        "lastModified": 1650301786,
        "narHash": "sha256-9rz9NqL+mC+BIggn2emuzZ+3MYogxVBTdsFK7E3Vv1k=",
        "owner": "nix-community",
        "repo": "home-manager",
        "rev": "8d38ca886880265d523a66fe3da4d42e92ab0748",
        "type": "github"
      },
      "original": {
        "owner": "nix-community",
        "repo": "home-manager",
        "type": "github"
      }
    },
    "home-manager_2": {
      "inputs": {
        "nixpkgs": [
          "nickcao",
          "nixpkgs"
        ]
      },
      "locked": {
        "lastModified": 1650234580,
        "narHash": "sha256-wTmlRedCrDl+XYJom65GMfI3RgA3eZE/w03lD28Txoc=",
        "owner": "nix-community",
        "repo": "home-manager",
        "rev": "742c6cb3e9d866e095c629162fe5faf519adeb26",
        "type": "github"
      },
      "original": {
        "owner": "nix-community",
        "repo": "home-manager",
        "type": "github"
      }
    },
    "impermanence": {
      "locked": {
        "lastModified": 1646131459,
        "narHash": "sha256-GPmgxvUFvQ1GmsGfWHy9+rcxWrczeDhS9XnAIPHi9XQ=",
        "owner": "nix-community",
        "repo": "impermanence",
        "rev": "2f39baeb7d039fda5fc8225111bb79474138e6f4",
        "type": "github"
      },
      "original": {
        "owner": "nix-community",
        "repo": "impermanence",
        "type": "github"
      }
    },
    "impermanence_2": {
      "locked": {
        "lastModified": 1646131459,
        "narHash": "sha256-GPmgxvUFvQ1GmsGfWHy9+rcxWrczeDhS9XnAIPHi9XQ=",
        "owner": "nix-community",
        "repo": "impermanence",
        "rev": "2f39baeb7d039fda5fc8225111bb79474138e6f4",
        "type": "github"
      },
      "original": {
        "owner": "nix-community",
        "repo": "impermanence",
        "type": "github"
      }
    },
    "matlab": {
      "inputs": {
        "flake-compat": [
          "nickcao",
          "flake-compat"
        ],
        "nixpkgs": [
          "nickcao",
          "nixpkgs"
        ]
      },
      "locked": {
        "lastModified": 1650294198,
        "narHash": "sha256-lfLH/XKzKpucakjFi3DDzWLx4+8ql/Cv0OeIruftS2I=",
        "owner": "doronbehar",
        "repo": "nix-matlab",
        "rev": "0116db11d74bb2123ecd1a3a7fd84c66cee18abb",
        "type": "gitlab"
      },
      "original": {
        "owner": "doronbehar",
        "repo": "nix-matlab",
        "type": "gitlab"
      }
    },
    "nickcao": {
      "inputs": {
        "blog": "blog",
        "canopus": "canopus",
        "carinae": "carinae",
        "deploy-rs": "deploy-rs",
        "dns": "dns",
        "flake-compat": "flake-compat",
        "flake-utils": "flake-utils_2",
        "fn": "fn",
        "home-manager": "home-manager_2",
        "impermanence": "impermanence_2",
        "matlab": "matlab",
        "nixpkgs": [
          "nixpkgs"
        ],
        "nvfetcher": "nvfetcher",
        "sops-nix": "sops-nix"
      },
      "locked": {
        "lastModified": 1650298868,
        "narHash": "sha256-jdjnwH8tLBbNRalkvdZLNRKn7mADPSO57/aWD2H2qi4=",
        "owner": "NickCao",
        "repo": "flakes",
        "rev": "a863c9690017c1823f805a9ca53901161278d017",
        "type": "github"
      },
      "original": {
        "owner": "NickCao",
        "repo": "flakes",
        "type": "github"
      }
    },
    "nixos-cn": {
      "inputs": {
        "flake-utils": "flake-utils_3",
        "nixpkgs": [
          "nixpkgs"
        ]
      },
      "locked": {
        "lastModified": 1650333655,
        "narHash": "sha256-sVeliNwKQ3v3cszcK4QGFlfP4af5IOKOT/YU8T+H5Mw=",
        "owner": "nixos-cn",
        "repo": "flakes",
        "rev": "18026c3d0ea8d36ba4748fc261b8a0909a8717e4",
        "type": "github"
      },
      "original": {
        "owner": "nixos-cn",
        "repo": "flakes",
        "type": "github"
      }
    },
    "nixpkgs": {
      "locked": {
        "lastModified": 1650161686,
        "narHash": "sha256-70ZWAlOQ9nAZ08OU6WY7n4Ij2kOO199dLfNlvO/+pf8=",
        "owner": "NixOS",
        "repo": "nixpkgs",
        "rev": "1ffba9f2f683063c2b14c9f4d12c55ad5f4ed887",
        "type": "github"
      },
      "original": {
        "owner": "NixOS",
        "ref": "nixos-unstable",
        "repo": "nixpkgs",
        "type": "github"
      }
    },
    "nur": {
      "locked": {
        "lastModified": 1650336716,
        "narHash": "sha256-Z2ocFwQb+oWdIzUTNYTl5s4pxB8x0/BVC/90bgcnGe8=",
        "owner": "nix-community",
        "repo": "NUR",
        "rev": "535418267faf06a7d93f3445a2a41013147f5d2a",
        "type": "github"
      },
      "original": {
        "owner": "nix-community",
        "repo": "NUR",
        "type": "github"
      }
    },
    "nvfetcher": {
      "inputs": {
        "flake-compat": [
          "nickcao",
          "flake-compat"
        ],
        "flake-utils": [
          "nickcao",
          "flake-utils"
        ],
        "nixpkgs": [
          "nickcao",
          "nixpkgs"
        ]
      },
      "locked": {
        "lastModified": 1650169042,
        "narHash": "sha256-x8469XNOU/ebIh5YCuvjcOAaAptwHjkEl1aTFrevu1o=",
        "owner": "berberman",
        "repo": "nvfetcher",
        "rev": "db780dba6923e531b5aedca502a36d3d9627fca9",
        "type": "github"
      },
      "original": {
        "owner": "berberman",
        "repo": "nvfetcher",
        "type": "github"
      }
    },
    "root": {
      "inputs": {
        "flake-utils": "flake-utils",
        "home-manager": "home-manager",
        "impermanence": "impermanence",
        "nickcao": "nickcao",
        "nixos-cn": "nixos-cn",
        "nixpkgs": "nixpkgs",
        "nur": "nur",
        "sops-nix": "sops-nix_2"
      }
    },
    "sops-nix": {
      "inputs": {
        "nixpkgs": [
          "nickcao",
          "nixpkgs"
        ]
      },
      "locked": {
        "lastModified": 1649756291,
        "narHash": "sha256-KTll8bCINAzIUGaaMrbn9wb5nfhkXRLgmFrWGR/Dku0=",
        "owner": "Mic92",
        "repo": "sops-nix",
        "rev": "c2614c4fe61943b3d280ac1892fcebe6e8eaf8c8",
        "type": "github"
      },
      "original": {
        "owner": "Mic92",
        "repo": "sops-nix",
        "type": "github"
      }
    },
    "sops-nix_2": {
      "inputs": {
        "nixpkgs": [
          "nixpkgs"
        ]
      },
      "locked": {
        "lastModified": 1649756291,
        "narHash": "sha256-KTll8bCINAzIUGaaMrbn9wb5nfhkXRLgmFrWGR/Dku0=",
        "owner": "Mic92",
        "repo": "sops-nix",
        "rev": "c2614c4fe61943b3d280ac1892fcebe6e8eaf8c8",
        "type": "github"
      },
      "original": {
        "owner": "Mic92",
        "repo": "sops-nix",
        "type": "github"
      }
    }
  },
  "root": "root",
  "version": 7
}
