{
  "nodes": {
    "anillc": {
      "inputs": {
        "flake-utils": "flake-utils",
        "nixpkgs": [
          "nixpkgs"
        ]
      },
      "locked": {
        "lastModified": 1670393694,
        "narHash": "sha256-PXBv/upEqeYWRbWH9Un9ur19CGOOo1u6G+MBczdOehw=",
        "owner": "Anillc",
        "repo": "flakes",
        "rev": "c0f9d4702140f18d0a2d130178d7f3427ff32b2b",
        "type": "github"
      },
      "original": {
        "owner": "Anillc",
        "repo": "flakes",
        "type": "github"
      }
    },
    "canopus": {
      "inputs": {
        "flake-utils": [
          "nickcao",
          "flake-utils"
        ],
        "nixpkgs": [
          "nickcao",
          "nixpkgs"
        ]
      },
      "locked": {
        "lastModified": 1653998232,
        "narHash": "sha256-l5iOE2i0MQGbo19Re+kHujncU7o3L487o4DJt8Nub/k=",
        "owner": "NickCao",
        "repo": "canopus",
        "rev": "058f8326893848cdbd73fcdc0cd38fcc42297c2b",
        "type": "github"
      },
      "original": {
        "owner": "NickCao",
        "repo": "canopus",
        "type": "github"
      }
    },
    "carinae": {
      "inputs": {
        "flake-utils": [
          "nickcao",
          "flake-utils"
        ],
        "nixpkgs": [
          "nickcao",
          "nixpkgs"
        ]
      },
      "locked": {
        "lastModified": 1656398925,
        "narHash": "sha256-PDIIFfASqDUoq/BGTtNsy+WMarpVab6eWVD7Ox3DdDQ=",
        "owner": "NickCao",
        "repo": "carinae",
        "rev": "7a2d319d4db2bbf2f308cc7edfcfac10e0da866b",
        "type": "github"
      },
      "original": {
        "owner": "NickCao",
        "repo": "carinae",
        "type": "github"
      }
    },
    "colmena": {
      "inputs": {
        "flake-compat": "flake-compat",
        "flake-utils": [
          "nickcao",
          "flake-utils"
        ],
        "nix-eval-jobs": "nix-eval-jobs",
        "nixpkgs": [
          "nickcao",
          "nixpkgs"
        ],
        "stable": [
          "nickcao",
          "nixpkgs"
        ]
      },
      "locked": {
        "lastModified": 1667072567,
        "narHash": "sha256-z8ciml6BOzVDX3MbRY22C5GonJrDxi2xrVuS6Gyxorc=",
        "owner": "zhaofengli",
        "repo": "colmena",
        "rev": "5432fe488ebec7ee30aaea5fb18a759e30e59612",
        "type": "github"
      },
      "original": {
        "owner": "zhaofengli",
        "repo": "colmena",
        "type": "github"
      }
    },
    "dhack": {
      "inputs": {
        "nixpkgs": [
          "nickcao",
          "nixpkgs"
        ]
      },
      "locked": {
        "lastModified": 1665979037,
        "narHash": "sha256-86LahcWt0NXTRgSqmxR8nFJoPGOxSPO6wHWf5Ynvijg=",
        "owner": "NickCao",
        "repo": "dhack",
        "rev": "2c09b3087c37c897d3b68db71cc230644617c7e3",
        "type": "github"
      },
      "original": {
        "owner": "NickCao",
        "repo": "dhack",
        "type": "github"
      }
    },
    "dns": {
      "inputs": {
        "flake-utils": [
          "nickcao",
          "flake-utils"
        ],
        "nixpkgs": [
          "nickcao",
          "nixpkgs"
        ]
      },
      "locked": {
        "lastModified": 1657004964,
        "narHash": "sha256-hZyLOYZn6fzJd8ubMqLF4T+mGAT88MSkGsM5bgr3pB8=",
        "owner": "NickCao",
        "repo": "dns.nix",
        "rev": "097375727ee958c9a764370011ca7b2850e52421",
        "type": "github"
      },
      "original": {
        "owner": "NickCao",
        "repo": "dns.nix",
        "type": "github"
      }
    },
    "flake-compat": {
      "flake": false,
      "locked": {
        "lastModified": 1650374568,
        "narHash": "sha256-Z+s0J8/r907g149rllvwhb4pKi8Wam5ij0st8PwAh+E=",
        "owner": "edolstra",
        "repo": "flake-compat",
        "rev": "b4a34015c698c7793d592d66adbab377907a2be8",
        "type": "github"
      },
      "original": {
        "owner": "edolstra",
        "repo": "flake-compat",
        "type": "github"
      }
    },
    "flake-compat_2": {
      "flake": false,
      "locked": {
        "lastModified": 1650374568,
        "narHash": "sha256-Z+s0J8/r907g149rllvwhb4pKi8Wam5ij0st8PwAh+E=",
        "owner": "edolstra",
        "repo": "flake-compat",
        "rev": "b4a34015c698c7793d592d66adbab377907a2be8",
        "type": "github"
      },
      "original": {
        "owner": "edolstra",
        "repo": "flake-compat",
        "type": "github"
      }
    },
    "flake-utils": {
      "locked": {
        "lastModified": 1667395993,
        "narHash": "sha256-nuEHfE/LcWyuSWnS8t12N1wc105Qtau+/OdUAjtQ0rA=",
        "owner": "numtide",
        "repo": "flake-utils",
        "rev": "5aed5285a952e0b949eb3ba02c12fa4fcfef535f",
        "type": "github"
      },
      "original": {
        "owner": "numtide",
        "repo": "flake-utils",
        "type": "github"
      }
    },
    "flake-utils_2": {
      "locked": {
        "lastModified": 1667395993,
        "narHash": "sha256-nuEHfE/LcWyuSWnS8t12N1wc105Qtau+/OdUAjtQ0rA=",
        "owner": "numtide",
        "repo": "flake-utils",
        "rev": "5aed5285a952e0b949eb3ba02c12fa4fcfef535f",
        "type": "github"
      },
      "original": {
        "owner": "numtide",
        "repo": "flake-utils",
        "type": "github"
      }
    },
    "flake-utils_3": {
      "locked": {
        "lastModified": 1667395993,
        "narHash": "sha256-nuEHfE/LcWyuSWnS8t12N1wc105Qtau+/OdUAjtQ0rA=",
        "owner": "numtide",
        "repo": "flake-utils",
        "rev": "5aed5285a952e0b949eb3ba02c12fa4fcfef535f",
        "type": "github"
      },
      "original": {
        "owner": "numtide",
        "repo": "flake-utils",
        "type": "github"
      }
    },
    "flake-utils_4": {
      "locked": {
        "lastModified": 1638122382,
        "narHash": "sha256-sQzZzAbvKEqN9s0bzWuYmRaA03v40gaJ4+iL1LXjaeI=",
        "owner": "numtide",
        "repo": "flake-utils",
        "rev": "74f7e4319258e287b0f9cb95426c9853b282730b",
        "type": "github"
      },
      "original": {
        "owner": "numtide",
        "repo": "flake-utils",
        "type": "github"
      }
    },
    "flake-utils_5": {
      "locked": {
        "lastModified": 1659877975,
        "narHash": "sha256-zllb8aq3YO3h8B/U0/J1WBgAL8EX5yWf5pMj3G0NAmc=",
        "owner": "numtide",
        "repo": "flake-utils",
        "rev": "c0e246b9b83f637f4681389ecabcb2681b4f3af0",
        "type": "github"
      },
      "original": {
        "owner": "numtide",
        "repo": "flake-utils",
        "type": "github"
      }
    },
    "fn": {
      "inputs": {
        "flake-utils": [
          "nickcao",
          "flake-utils"
        ],
        "nixpkgs": [
          "nickcao",
          "nixpkgs"
        ]
      },
      "locked": {
        "lastModified": 1662977797,
        "narHash": "sha256-MlDwT3ypGMGICHbooIwmV8WuaWYjm0mwlqi917033M8=",
        "owner": "NickCao",
        "repo": "fn",
        "rev": "2b4b27779cea4ae9c48ac5bed8c965bfdb96229e",
        "type": "github"
      },
      "original": {
        "owner": "NickCao",
        "repo": "fn",
        "type": "github"
      }
    },
    "home-manager": {
      "inputs": {
        "nixpkgs": [
          "nixpkgs"
        ],
        "utils": "utils"
      },
      "locked": {
        "lastModified": 1667981810,
        "narHash": "sha256-p27zd5M+OkfND46gzbGkaHlNBZsYe95M48OJuFeuuSY=",
        "owner": "nix-community",
        "repo": "home-manager",
        "rev": "6ce3493a3c5c6a8f4cfa6f5f88723272e0cfd335",
        "type": "github"
      },
      "original": {
        "owner": "nix-community",
        "repo": "home-manager",
        "type": "github"
      }
    },
    "home-manager_2": {
      "inputs": {
        "nixpkgs": [
          "nickcao",
          "nixpkgs"
        ],
        "utils": [
          "nickcao",
          "flake-utils"
        ]
      },
      "locked": {
        "lastModified": 1667981810,
        "narHash": "sha256-p27zd5M+OkfND46gzbGkaHlNBZsYe95M48OJuFeuuSY=",
        "owner": "nix-community",
        "repo": "home-manager",
        "rev": "6ce3493a3c5c6a8f4cfa6f5f88723272e0cfd335",
        "type": "github"
      },
      "original": {
        "owner": "nix-community",
        "repo": "home-manager",
        "type": "github"
      }
    },
    "impermanence": {
      "locked": {
        "lastModified": 1661933071,
        "narHash": "sha256-RFgfzldpbCvS+H2qwH+EvNejvqs+NhPVD5j1I7HQQPY=",
        "owner": "nix-community",
        "repo": "impermanence",
        "rev": "def994adbdfc28974e87b0e4c949e776207d5557",
        "type": "github"
      },
      "original": {
        "owner": "nix-community",
        "repo": "impermanence",
        "type": "github"
      }
    },
    "impermanence_2": {
      "locked": {
        "lastModified": 1661933071,
        "narHash": "sha256-RFgfzldpbCvS+H2qwH+EvNejvqs+NhPVD5j1I7HQQPY=",
        "owner": "nix-community",
        "repo": "impermanence",
        "rev": "def994adbdfc28974e87b0e4c949e776207d5557",
        "type": "github"
      },
      "original": {
        "owner": "nix-community",
        "repo": "impermanence",
        "type": "github"
      }
    },
    "knot-sys": {
      "inputs": {
        "flake-utils": [
          "nickcao",
          "flake-utils"
        ],
        "nixpkgs": [
          "nickcao",
          "nixpkgs"
        ]
      },
      "locked": {
        "lastModified": 1661256153,
        "narHash": "sha256-DrDRRycjqTLgvLvYCwoL78dUzreGI4Csp2jRg2QaNxw=",
        "owner": "NickCao",
        "repo": "knot-sys",
        "rev": "a5f84c6c4404841be31fd026ea712f7c783db5d7",
        "type": "github"
      },
      "original": {
        "owner": "NickCao",
        "repo": "knot-sys",
        "type": "github"
      }
    },
    "nickcao": {
      "inputs": {
        "canopus": "canopus",
        "carinae": "carinae",
        "colmena": "colmena",
        "dhack": "dhack",
        "dns": "dns",
        "flake-utils": "flake-utils_3",
        "fn": "fn",
        "home-manager": "home-manager_2",
        "impermanence": "impermanence_2",
        "knot-sys": "knot-sys",
        "nixpkgs": [
          "nixpkgs"
        ],
        "ranet": "ranet",
        "resign": "resign",
        "sops-nix": "sops-nix",
        "terrasops": "terrasops"
      },
      "locked": {
        "lastModified": 1668237790,
        "narHash": "sha256-M+1ZEjfjZ4RTz8EOMIrP8m6a4tMUMoJBtCntVYuEtl4=",
        "owner": "NickCao",
        "repo": "flakes",
        "rev": "f3a023bb6c4e4710d3f60b2409f6a02c0c064b60",
        "type": "github"
      },
      "original": {
        "owner": "NickCao",
        "repo": "flakes",
        "type": "github"
      }
    },
    "nix-eval-jobs": {
      "inputs": {
        "flake-utils": [
          "nickcao",
          "colmena",
          "flake-utils"
        ],
        "nixpkgs": [
          "nickcao",
          "colmena",
          "nixpkgs"
        ]
      },
      "locked": {
        "lastModified": 1660713017,
        "narHash": "sha256-w6KLNkT/2fI7UvPg3NoKj7gve4CgUHpyWOFq0BUwW7o=",
        "owner": "zhaofengli",
        "repo": "nix-eval-jobs",
        "rev": "b4c078a4870c5b1a5b74420ca1dca41f4d75b7cc",
        "type": "github"
      },
      "original": {
        "owner": "zhaofengli",
        "ref": "colmena",
        "repo": "nix-eval-jobs",
        "type": "github"
      }
    },
    "nix-matlab": {
      "inputs": {
        "flake-compat": "flake-compat_2",
        "nixpkgs": [
          "nixpkgs"
        ]
      },
      "locked": {
        "lastModified": 1668179035,
        "narHash": "sha256-PlVwnIQKn69ENWAK40l+WfNH3MU+4CTqetpZHnhq02s=",
        "owner": "doronbehar",
        "repo": "nix-matlab",
        "rev": "879ab567b24c7bc54dadd4276a3c3c2bc42d7885",
        "type": "gitlab"
      },
      "original": {
        "owner": "doronbehar",
        "repo": "nix-matlab",
        "type": "gitlab"
      }
    },
    "nixos-cn": {
      "inputs": {
        "flake-utils": "flake-utils_4",
        "nixpkgs": "nixpkgs"
      },
      "locked": {
        "lastModified": 1668218545,
        "narHash": "sha256-pg6WlgJPFY4PL6crLeEGVzsMjHsmq5zVg4hwEXxKOYQ=",
        "owner": "nixos-cn",
        "repo": "flakes",
        "rev": "219cebfcf2ab0ac33865b86863cb1e670dfbc1bd",
        "type": "github"
      },
      "original": {
        "owner": "nixos-cn",
        "repo": "flakes",
        "type": "github"
      }
    },
    "nixpkgs": {
      "locked": {
        "lastModified": 1642104392,
        "narHash": "sha256-m71b7MgMh9FDv4MnI5sg9MiBVW6DhE1zq+d/KlLWSC8=",
        "owner": "NixOS",
        "repo": "nixpkgs",
        "rev": "5aaed40d22f0d9376330b6fa413223435ad6fee5",
        "type": "github"
      },
      "original": {
        "owner": "NixOS",
        "ref": "nixos-unstable",
        "repo": "nixpkgs",
        "type": "github"
      }
    },
    "nixpkgs-22_05": {
      "locked": {
        "lastModified": 1667091951,
        "narHash": "sha256-62sz0fn06Nq8OaeBYrYSR3Y6hUcp8/PC4dJ7HeGaOhU=",
        "owner": "NixOS",
        "repo": "nixpkgs",
        "rev": "6440d13df2327d2db13d3b17e419784020b71d22",
        "type": "github"
      },
      "original": {
        "owner": "NixOS",
        "ref": "release-22.05",
        "repo": "nixpkgs",
        "type": "github"
      }
    },
    "nixpkgs_2": {
      "locked": {
        "lastModified": 1667991831,
        "narHash": "sha256-DHgEsLZI044B9T4AjA3K6+yB9/DqLr4dyA7OIx0FG7o=",
        "owner": "NixOS",
        "repo": "nixpkgs",
        "rev": "872fceeed60ae6b7766cc0a4cd5bf5901b9098ec",
        "type": "github"
      },
      "original": {
        "owner": "NixOS",
        "ref": "nixos-unstable",
        "repo": "nixpkgs",
        "type": "github"
      }
    },
    "nixpkgs_3": {
      "locked": {
        "lastModified": 1665296151,
        "narHash": "sha256-uOB0oxqxN9K7XGF1hcnY+PQnlQJ+3bP2vCn/+Ru/bbc=",
        "owner": "NixOS",
        "repo": "nixpkgs",
        "rev": "14ccaaedd95a488dd7ae142757884d8e125b3363",
        "type": "github"
      },
      "original": {
        "owner": "NixOS",
        "ref": "nixpkgs-unstable",
        "repo": "nixpkgs",
        "type": "github"
      }
    },
    "nur": {
      "locked": {
        "lastModified": 1668231904,
        "narHash": "sha256-bC+QdBPZ8cprHI3eiuFx3kF9+AOpV9Xp2+LR96Zkh4c=",
        "owner": "nix-community",
        "repo": "NUR",
        "rev": "1e799d205b365d1e6e8f84830d744b3a40493c19",
        "type": "github"
      },
      "original": {
        "owner": "nix-community",
        "repo": "NUR",
        "type": "github"
      }
    },
    "ranet": {
      "inputs": {
        "flake-utils": [
          "nickcao",
          "flake-utils"
        ],
        "nixpkgs": [
          "nickcao",
          "nixpkgs"
        ]
      },
      "locked": {
        "lastModified": 1664124164,
        "narHash": "sha256-e5Jk+ZcJh16aV2h/rHe6C4SgzlXCpKcaO6ISatwRhvE=",
        "owner": "SCP-2000",
        "repo": "ranet",
        "rev": "7243443c280c86b459f01cb8d711031cd3fbff08",
        "type": "github"
      },
      "original": {
        "owner": "SCP-2000",
        "repo": "ranet",
        "type": "github"
      }
    },
    "resign": {
      "inputs": {
        "flake-utils": [
          "nickcao",
          "flake-utils"
        ],
        "nixpkgs": [
          "nickcao",
          "nixpkgs"
        ]
      },
      "locked": {
        "lastModified": 1668232414,
        "narHash": "sha256-8K4/uWlPZJle64niDEzM0frRFXh6o1SvL9MPcF/ZB0A=",
        "owner": "NickCao",
        "repo": "resign",
        "rev": "dc11704aee8e9ebe9c5738bc6046b4264ea996ec",
        "type": "github"
      },
      "original": {
        "owner": "NickCao",
        "repo": "resign",
        "type": "github"
      }
    },
    "root": {
      "inputs": {
        "anillc": "anillc",
        "flake-utils": "flake-utils_2",
        "home-manager": "home-manager",
        "impermanence": "impermanence",
        "nickcao": "nickcao",
        "nix-matlab": "nix-matlab",
        "nixos-cn": "nixos-cn",
        "nixpkgs": "nixpkgs_2",
        "nur": "nur",
        "rust-overlay": "rust-overlay",
        "sops-nix": "sops-nix_2"
      }
    },
    "rust-overlay": {
      "inputs": {
        "flake-utils": "flake-utils_5",
        "nixpkgs": "nixpkgs_3"
      },
      "locked": {
        "lastModified": 1668220912,
        "narHash": "sha256-rtrFTQOhrf+xJC3RYdgGglbOHu5J32SjuLV2ekLl8jo=",
        "owner": "oxalica",
        "repo": "rust-overlay",
        "rev": "7bb04cd980cf71119d08b6833f4a0525e8b6a54a",
        "type": "github"
      },
      "original": {
        "owner": "oxalica",
        "repo": "rust-overlay",
        "type": "github"
      }
    },
    "sops-nix": {
      "inputs": {
        "nixpkgs": [
          "nickcao",
          "nixpkgs"
        ],
        "nixpkgs-22_05": [
          "nickcao",
          "nixpkgs"
        ]
      },
      "locked": {
        "lastModified": 1667767301,
        "narHash": "sha256-+UDtEkw6pZ+sqkC0Um5ocJ9kjvuu0qffSCbl+jAA8K8=",
        "owner": "Mic92",
        "repo": "sops-nix",
        "rev": "4407353739ad74a3d9744cf2988ab10f3b83e288",
        "type": "github"
      },
      "original": {
        "owner": "Mic92",
        "repo": "sops-nix",
        "type": "github"
      }
    },
    "sops-nix_2": {
      "inputs": {
        "nixpkgs": [
          "nixpkgs"
        ],
        "nixpkgs-22_05": "nixpkgs-22_05"
      },
      "locked": {
        "lastModified": 1667767301,
        "narHash": "sha256-+UDtEkw6pZ+sqkC0Um5ocJ9kjvuu0qffSCbl+jAA8K8=",
        "owner": "Mic92",
        "repo": "sops-nix",
        "rev": "4407353739ad74a3d9744cf2988ab10f3b83e288",
        "type": "github"
      },
      "original": {
        "owner": "Mic92",
        "repo": "sops-nix",
        "type": "github"
      }
    },
    "terrasops": {
      "inputs": {
        "flake-utils": [
          "nickcao",
          "flake-utils"
        ],
        "nixpkgs": [
          "nickcao",
          "nixpkgs"
        ]
      },
      "locked": {
        "lastModified": 1662712380,
        "narHash": "sha256-RQp708VcJlPOcP7mjuTLsgtgANre+oY+9BbvshePCc0=",
        "owner": "NickCao",
        "repo": "terrasops",
        "rev": "289ca942dac63895c68c05c028b46c5e4adb64c3",
        "type": "github"
      },
      "original": {
        "owner": "NickCao",
        "repo": "terrasops",
        "type": "github"
      }
    },
    "utils": {
      "locked": {
        "lastModified": 1667395993,
        "narHash": "sha256-nuEHfE/LcWyuSWnS8t12N1wc105Qtau+/OdUAjtQ0rA=",
        "owner": "numtide",
        "repo": "flake-utils",
        "rev": "5aed5285a952e0b949eb3ba02c12fa4fcfef535f",
        "type": "github"
      },
      "original": {
        "owner": "numtide",
        "repo": "flake-utils",
        "type": "github"
      }
    }
  },
  "root": "root",
  "version": 7
}
